
Microsoft Visual Studio Solution File, Format Version 12.00
# Visual Studio Version 17
VisualStudioVersion = 17.13.35818.85 d17.13
MinimumVisualStudioVersion = 10.0.40219.1
Project("{FAE04EC0-301F-11D3-BF4B-00C04F79EFBC}") = "DKyThucTap", "DKyThucTap\DKyThucTap.csproj", "{34F356C8-9CE9-42F1-9913-056D9BC94737}"
EndProject
Global
	GlobalSection(SolutionConfigurationPlatforms) = preSolution
		Debug|Any CPU = Debug|Any CPU
		Release|Any CPU = Release|Any CPU
	EndGlobalSection
	GlobalSection(ProjectConfigurationPlatforms) = postSolution
		{34F356C8-9CE9-42F1-9913-056D9BC94737}.Debug|Any CPU.ActiveCfg = Debug|Any CPU
		{34F356C8-9CE9-42F1-9913-056D9BC94737}.Debug|Any CPU.Build.0 = Debug|Any CPU
		{34F356C8-9CE9-42F1-9913-056D9BC94737}.Release|Any CPU.ActiveCfg = Release|Any CPU
		{34F356C8-9CE9-42F1-9913-056D9BC94737}.Release|Any CPU.Build.0 = Release|Any CPU
	EndGlobalSection
	GlobalSection(SolutionProperties) = preSolution
		HideSolutionNode = FALSE
	EndGlobalSection
	GlobalSection(ExtensibilityGlobals) = postSolution
		SolutionGuid = {F65D6FDF-2282-4BA9-8663-6BE981EEFCE1}
	EndGlobalSection
EndGlobal
